
Microsoft Visual Studio Solution File, Format Version 12.00
# Visual Studio Version 16
VisualStudioVersion = 16.0.31205.134
MinimumVisualStudioVersion = 10.0.40219.1
Project("{9A19103F-16F7-4668-BE54-9A1E7A4F7556}") = "CarRentalManagement.Server", "Server\CarRentalManagement.Server.csproj", "{AE41E4C6-D12A-43FF-83F5-810F80F4190D}"
EndProject
Project("{9A19103F-16F7-4668-BE54-9A1E7A4F7556}") = "CarRentalManagement.Client", "Client\CarRentalManagement.Client.csproj", "{2E1E39DD-FA3A-4C5C-AA5A-2A4EA18EA966}"
EndProject
Project("{9A19103F-16F7-4668-BE54-9A1E7A4F7556}") = "CarRentalManagement.Shared", "Shared\CarRentalManagement.Shared.csproj", "{D4470F20-45EE-414F-9817-05AFF58C967A}"
EndProject
Global
	GlobalSection(SolutionConfigurationPlatforms) = preSolution
		Debug|Any CPU = Debug|Any CPU
		Release|Any CPU = Release|Any CPU
	EndGlobalSection
	GlobalSection(ProjectConfigurationPlatforms) = postSolution
		{AE41E4C6-D12A-43FF-83F5-810F80F4190D}.Debug|Any CPU.ActiveCfg = Debug|Any CPU
		{AE41E4C6-D12A-43FF-83F5-810F80F4190D}.Debug|Any CPU.Build.0 = Debug|Any CPU
		{AE41E4C6-D12A-43FF-83F5-810F80F4190D}.Release|Any CPU.ActiveCfg = Release|Any CPU
		{AE41E4C6-D12A-43FF-83F5-810F80F4190D}.Release|Any CPU.Build.0 = Release|Any CPU
		{2E1E39DD-FA3A-4C5C-AA5A-2A4EA18EA966}.Debug|Any CPU.ActiveCfg = Debug|Any CPU
		{2E1E39DD-FA3A-4C5C-AA5A-2A4EA18EA966}.Debug|Any CPU.Build.0 = Debug|Any CPU
		{2E1E39DD-FA3A-4C5C-AA5A-2A4EA18EA966}.Release|Any CPU.ActiveCfg = Release|Any CPU
		{2E1E39DD-FA3A-4C5C-AA5A-2A4EA18EA966}.Release|Any CPU.Build.0 = Release|Any CPU
		{D4470F20-45EE-414F-9817-05AFF58C967A}.Debug|Any CPU.ActiveCfg = Debug|Any CPU
		{D4470F20-45EE-414F-9817-05AFF58C967A}.Debug|Any CPU.Build.0 = Debug|Any CPU
		{D4470F20-45EE-414F-9817-05AFF58C967A}.Release|Any CPU.ActiveCfg = Release|Any CPU
		{D4470F20-45EE-414F-9817-05AFF58C967A}.Release|Any CPU.Build.0 = Release|Any CPU
	EndGlobalSection
	GlobalSection(SolutionProperties) = preSolution
		HideSolutionNode = FALSE
	EndGlobalSection
	GlobalSection(ExtensibilityGlobals) = postSolution
		SolutionGuid = {B6E4817A-6354-45F0-8666-AF2D91A59106}
	EndGlobalSection
EndGlobal
